
Microsoft Visual Studio Solution File, Format Version 12.00
# Visual Studio 15
VisualStudioVersion = 15.0.26730.16
MinimumVisualStudioVersion = 10.0.40219.1
Project("{FAE04EC0-301F-11D3-BF4B-00C04F79EFBC}") = "MvcForms", "MvcForms\MvcForms.csproj", "{7AA07F6D-97B1-4C8E-A71D-3D331C6F7C3D}"
EndProject
Project("{FAE04EC0-301F-11D3-BF4B-00C04F79EFBC}") = "MvcForms.StubApp", "MvcForms.StubApp\MvcForms.StubApp.csproj", "{F633A03B-B28A-4DC6-960A-6C886DBEA173}"
EndProject
Project("{FAE04EC0-301F-11D3-BF4B-00C04F79EFBC}") = "MvcForms.Tests", "MvcForms.Tests\MvcForms.Tests.csproj", "{86A86BD7-3C39-4FAE-A778-384437193545}"
EndProject
Project("{2150E333-8FDC-42A3-9474-1A3956D46DE8}") = "Build", "Build", "{4E86B21B-F8AB-44E3-859B-8D7A8293E3B8}"
	ProjectSection(SolutionItems) = preProject
		Build\Common.targets = Build\Common.targets
		Build\MvcForms.nunit = Build\MvcForms.nunit
		MvcForms.proj = MvcForms.proj
		Build\VerifyCoverage.js = Build\VerifyCoverage.js
	EndProjectSection
EndProject
Project("{2150E333-8FDC-42A3-9474-1A3956D46DE8}") = "Items", "Items", "{D1BD7D1D-2FB5-446E-885A-2E8BA16142F9}"
	ProjectSection(SolutionItems) = preProject
		.gitignore = .gitignore
		CommandPrompt.bat = CommandPrompt.bat
		LICENSE.txt = LICENSE.txt
		MvcForms.proj = MvcForms.proj
		readme.md = readme.md
		RunNUnit.bat = RunNUnit.bat
	EndProjectSection
EndProject
Global
	GlobalSection(SolutionConfigurationPlatforms) = preSolution
		Debug|Any CPU = Debug|Any CPU
		Release|Any CPU = Release|Any CPU
	EndGlobalSection
	GlobalSection(ProjectConfigurationPlatforms) = postSolution
		{7AA07F6D-97B1-4C8E-A71D-3D331C6F7C3D}.Debug|Any CPU.ActiveCfg = Debug|Any CPU
		{7AA07F6D-97B1-4C8E-A71D-3D331C6F7C3D}.Debug|Any CPU.Build.0 = Debug|Any CPU
		{7AA07F6D-97B1-4C8E-A71D-3D331C6F7C3D}.Release|Any CPU.ActiveCfg = Release|Any CPU
		{7AA07F6D-97B1-4C8E-A71D-3D331C6F7C3D}.Release|Any CPU.Build.0 = Release|Any CPU
		{F633A03B-B28A-4DC6-960A-6C886DBEA173}.Debug|Any CPU.ActiveCfg = Debug|Any CPU
		{F633A03B-B28A-4DC6-960A-6C886DBEA173}.Debug|Any CPU.Build.0 = Debug|Any CPU
		{F633A03B-B28A-4DC6-960A-6C886DBEA173}.Release|Any CPU.ActiveCfg = Release|Any CPU
		{F633A03B-B28A-4DC6-960A-6C886DBEA173}.Release|Any CPU.Build.0 = Release|Any CPU
		{86A86BD7-3C39-4FAE-A778-384437193545}.Debug|Any CPU.ActiveCfg = Debug|Any CPU
		{86A86BD7-3C39-4FAE-A778-384437193545}.Debug|Any CPU.Build.0 = Debug|Any CPU
		{86A86BD7-3C39-4FAE-A778-384437193545}.Release|Any CPU.ActiveCfg = Release|Any CPU
		{86A86BD7-3C39-4FAE-A778-384437193545}.Release|Any CPU.Build.0 = Release|Any CPU
	EndGlobalSection
	GlobalSection(SolutionProperties) = preSolution
		HideSolutionNode = FALSE
	EndGlobalSection
	GlobalSection(ExtensibilityGlobals) = postSolution
		SolutionGuid = {12C191AE-6EC5-46B6-A23A-DB81C1F41E77}
	EndGlobalSection
EndGlobal
